{
  "dependencies": {
    "winston": {
      "version": "http://registry.npmjs.org/winston/-/winston-1.0.0.tgz",
      "dependencies": {
        "async": {
          "version": "http://registry.npmjs.org/async/-/async-0.9.2.tgz"
        },
        "colors": {
          "version": "http://registry.npmjs.org/colors/-/colors-1.0.3.tgz"
        },
        "cycle": {
          "version": "http://registry.npmjs.org/cycle/-/cycle-1.0.3.tgz"
        },
        "eyes": {
          "version": "http://registry.npmjs.org/eyes/-/eyes-0.1.8.tgz"
        },
        "isstream": {
          "version": "0.1.2"
        },
        "pkginfo": {
          "version": "http://registry.npmjs.org/pkginfo/-/pkginfo-0.3.0.tgz"
        },
        "stack-trace": {
          "version": "http://registry.npmjs.org/stack-trace/-/stack-trace-0.0.9.tgz"
        }
      }
    }
  }
}
